
Microsoft Visual Studio Solution File, Format Version 12.00
# Visual Studio Version 17
VisualStudioVersion = 17.14.36623.8 d17.14
MinimumVisualStudioVersion = 10.0.40219.1
Project("{FAE04EC0-301F-11D3-BF4B-00C04F79EFBC}") = "PaintTool", "PaintTool.csproj", "{9AAE0852-A937-4345-B94C-A10EAC4ED449}"
EndProject
Global
	GlobalSection(SolutionConfigurationPlatforms) = preSolution
		Debug|Any CPU = Debug|Any CPU
		Release|Any CPU = Release|Any CPU
	EndGlobalSection
	GlobalSection(ProjectConfigurationPlatforms) = postSolution
		{9AAE0852-A937-4345-B94C-A10EAC4ED449}.Debug|Any CPU.ActiveCfg = Debug|Any CPU
		{9AAE0852-A937-4345-B94C-A10EAC4ED449}.Debug|Any CPU.Build.0 = Debug|Any CPU
		{9AAE0852-A937-4345-B94C-A10EAC4ED449}.Release|Any CPU.ActiveCfg = Release|Any CPU
		{9AAE0852-A937-4345-B94C-A10EAC4ED449}.Release|Any CPU.Build.0 = Release|Any CPU
	EndGlobalSection
	GlobalSection(SolutionProperties) = preSolution
		HideSolutionNode = FALSE
	EndGlobalSection
	GlobalSection(ExtensibilityGlobals) = postSolution
		SolutionGuid = {BD74A6BC-D779-45A0-84BB-EF1A84F1777E}
	EndGlobalSection
EndGlobal
